# This file is autogenerated, do not edit; changes may be undone by the next 'dep ensure'.


[[projects]]
  name = "github.com/PuerkitoBio/goquery"
  packages = ["."]
  revision = "e1271ee34c6a305e38566ecd27ae374944907ee9"
  version = "v1.1.0"

[[projects]]
  branch = "master"
  name = "github.com/andybalholm/cascadia"
  packages = ["."]
  revision = "349dd0209470eabd9514242c688c403c0926d266"

[[projects]]
  branch = "master"
  name = "github.com/apex/log"
  packages = [".","handlers/cli"]
  revision = "0296d6eb16bb28f8a0c55668affcf4876dc269be"

[[projects]]
  name = "github.com/gosimple/slug"
  packages = ["."]
  revision = "e756f2ec7e1e59e2ef20938fac5e677842641777"
  version = "v1.1.0"

[[projects]]
  name = "github.com/pkg/errors"
  packages = ["."]
  revision = "645ef00459ed84a119197bfb8d8205042c6df63d"
  version = "v0.8.0"

[[projects]]
  branch = "master"
  name = "github.com/rainycape/unidecode"
  packages = ["."]
  revision = "cb7f23ec59bec0d61b19c56cd88cee3d0cc1870c"

[[projects]]
  name = "github.com/urfave/cli"
  packages = ["."]
  revision = "0bdeddeeb0f650497d603c4ad7b20cfe685682f6"
  version = "v1.19.1"

[[projects]]
  branch = "master"
  name = "golang.org/x/crypto"
  packages = ["ssh/terminal"]
  revision = "558b6879de74bc843225cde5686419267ff707ca"

[[projects]]
  branch = "master"
  name = "golang.org/x/net"
  packages = ["html","html/atom"]
  revision = "f5079bd7f6f74e23c4d65efa0f4ce14cbd6a3c0f"

[[projects]]
  branch = "master"
  name = "golang.org/x/sys"
  packages = ["unix"]
  revision = "0f826bdd13b500be0f1d4004938ad978fcc6031e"

[solve-meta]
  analyzer-name = "dep"
  analyzer-version = 1
  inputs-digest = "a1a777f25d687d10efc0aac42b0515e5611f7e8e39b4aef56851858365f0620d"
  solver-name = "gps-cdcl"
  solver-version = 1
